
Microsoft Visual Studio Solution File, Format Version 12.00
# Visual Studio Version 17
VisualStudioVersion = 17.7.34221.43
MinimumVisualStudioVersion = 10.0.40219.1
Project("{FAE04EC0-301F-11D3-BF4B-00C04F79EFBC}") = "Application", "src\Application\Application.csproj", "{501789BE-50F1-4F09-940D-1249A89F49DB}"
EndProject
Project("{FAE04EC0-301F-11D3-BF4B-00C04F79EFBC}") = "Domain", "src\Domain\Domain.csproj", "{BBB3C1CE-081F-4B8C-A93F-37F0C2703992}"
EndProject
Project("{FAE04EC0-301F-11D3-BF4B-00C04F79EFBC}") = "Infrastructure", "src\Infrastructure\Infrastructure.csproj", "{1304D249-0542-4E8D-BB6B-DD82AF356405}"
EndProject
Project("{FAE04EC0-301F-11D3-BF4B-00C04F79EFBC}") = "WebApi", "src\WebApi\WebApi.csproj", "{BEBDD0A6-098B-4AEF-9FB0-AD91FADE37BE}"
EndProject
Project("{FAE04EC0-301F-11D3-BF4B-00C04F79EFBC}") = "Application.IntegrationTests", "tests\Application.IntegrationTests\Application.IntegrationTests.csproj", "{3D08A89F-7747-497E-893A-D2CE7CF45A05}"
EndProject
Project("{FAE04EC0-301F-11D3-BF4B-00C04F79EFBC}") = "Application.UnitTests", "tests\Application.UnitTests\Application.UnitTests.csproj", "{E71F0AAA-1869-4498-B6C5-677BF6FC29BB}"
EndProject
Project("{FAE04EC0-301F-11D3-BF4B-00C04F79EFBC}") = "Domain.UnitTests", "tests\Domain.UnitTests\Domain.UnitTests.csproj", "{50416242-3635-4584-9FE5-48F1A1041CC3}"
EndProject
Global
	GlobalSection(SolutionConfigurationPlatforms) = preSolution
		Debug|Any CPU = Debug|Any CPU
		Release|Any CPU = Release|Any CPU
	EndGlobalSection
	GlobalSection(ProjectConfigurationPlatforms) = postSolution
		{501789BE-50F1-4F09-940D-1249A89F49DB}.Debug|Any CPU.ActiveCfg = Debug|Any CPU
		{501789BE-50F1-4F09-940D-1249A89F49DB}.Debug|Any CPU.Build.0 = Debug|Any CPU
		{501789BE-50F1-4F09-940D-1249A89F49DB}.Release|Any CPU.ActiveCfg = Release|Any CPU
		{501789BE-50F1-4F09-940D-1249A89F49DB}.Release|Any CPU.Build.0 = Release|Any CPU
		{BBB3C1CE-081F-4B8C-A93F-37F0C2703992}.Debug|Any CPU.ActiveCfg = Debug|Any CPU
		{BBB3C1CE-081F-4B8C-A93F-37F0C2703992}.Debug|Any CPU.Build.0 = Debug|Any CPU
		{BBB3C1CE-081F-4B8C-A93F-37F0C2703992}.Release|Any CPU.ActiveCfg = Release|Any CPU
		{BBB3C1CE-081F-4B8C-A93F-37F0C2703992}.Release|Any CPU.Build.0 = Release|Any CPU
		{1304D249-0542-4E8D-BB6B-DD82AF356405}.Debug|Any CPU.ActiveCfg = Debug|Any CPU
		{1304D249-0542-4E8D-BB6B-DD82AF356405}.Debug|Any CPU.Build.0 = Debug|Any CPU
		{1304D249-0542-4E8D-BB6B-DD82AF356405}.Release|Any CPU.ActiveCfg = Release|Any CPU
		{1304D249-0542-4E8D-BB6B-DD82AF356405}.Release|Any CPU.Build.0 = Release|Any CPU
		{BEBDD0A6-098B-4AEF-9FB0-AD91FADE37BE}.Debug|Any CPU.ActiveCfg = Debug|Any CPU
		{BEBDD0A6-098B-4AEF-9FB0-AD91FADE37BE}.Debug|Any CPU.Build.0 = Debug|Any CPU
		{BEBDD0A6-098B-4AEF-9FB0-AD91FADE37BE}.Release|Any CPU.ActiveCfg = Release|Any CPU
		{BEBDD0A6-098B-4AEF-9FB0-AD91FADE37BE}.Release|Any CPU.Build.0 = Release|Any CPU
		{3D08A89F-7747-497E-893A-D2CE7CF45A05}.Debug|Any CPU.ActiveCfg = Debug|Any CPU
		{3D08A89F-7747-497E-893A-D2CE7CF45A05}.Debug|Any CPU.Build.0 = Debug|Any CPU
		{3D08A89F-7747-497E-893A-D2CE7CF45A05}.Release|Any CPU.ActiveCfg = Release|Any CPU
		{3D08A89F-7747-497E-893A-D2CE7CF45A05}.Release|Any CPU.Build.0 = Release|Any CPU
		{E71F0AAA-1869-4498-B6C5-677BF6FC29BB}.Debug|Any CPU.ActiveCfg = Debug|Any CPU
		{E71F0AAA-1869-4498-B6C5-677BF6FC29BB}.Debug|Any CPU.Build.0 = Debug|Any CPU
		{E71F0AAA-1869-4498-B6C5-677BF6FC29BB}.Release|Any CPU.ActiveCfg = Release|Any CPU
		{E71F0AAA-1869-4498-B6C5-677BF6FC29BB}.Release|Any CPU.Build.0 = Release|Any CPU
		{50416242-3635-4584-9FE5-48F1A1041CC3}.Debug|Any CPU.ActiveCfg = Debug|Any CPU
		{50416242-3635-4584-9FE5-48F1A1041CC3}.Debug|Any CPU.Build.0 = Debug|Any CPU
		{50416242-3635-4584-9FE5-48F1A1041CC3}.Release|Any CPU.ActiveCfg = Release|Any CPU
		{50416242-3635-4584-9FE5-48F1A1041CC3}.Release|Any CPU.Build.0 = Release|Any CPU
	EndGlobalSection
	GlobalSection(SolutionProperties) = preSolution
		HideSolutionNode = FALSE
	EndGlobalSection
	GlobalSection(ExtensibilityGlobals) = postSolution
		SolutionGuid = {F963FADB-C8E6-40D0-B391-F38B35BA1BAF}
	EndGlobalSection
EndGlobal
